// !$*UTF8*$!
{
	archiveVersion = 1;
	classes = {
	};
	objectVersion = 56;
	objects = {

/* Begin PBXBuildFile section */
		AE131E2029B340B300B5FDEE /* SettingAppSampleApp.swift in Sources */ = {isa = PBXBuildFile; fileRef = AE131E1F29B340B300B5FDEE /* SettingAppSampleApp.swift */; };
		AE131E2229B340B300B5FDEE /* ContentView.swift in Sources */ = {isa = PBXBuildFile; fileRef = AE131E2129B340B300B5FDEE /* ContentView.swift */; };
		AE131E2429B340B400B5FDEE /* Assets.xcassets in Resources */ = {isa = PBXBuildFile; fileRef = AE131E2329B340B400B5FDEE /* Assets.xcassets */; };
		AE131E2729B340B400B5FDEE /* Preview Assets.xcassets in Resources */ = {isa = PBXBuildFile; fileRef = AE131E2629B340B400B5FDEE /* Preview Assets.xcassets */; };
		AE131E3129B340B400B5FDEE /* SettingAppSampleTests.swift in Sources */ = {isa = PBXBuildFile; fileRef = AE131E3029B340B400B5FDEE /* SettingAppSampleTests.swift */; };
		AE131E3B29B340B400B5FDEE /* SettingAppSampleUITests.swift in Sources */ = {isa = PBXBuildFile; fileRef = AE131E3A29B340B400B5FDEE /* SettingAppSampleUITests.swift */; };
		AE131E3D29B340B400B5FDEE /* SettingAppSampleUITestsLaunchTests.swift in Sources */ = {isa = PBXBuildFile; fileRef = AE131E3C29B340B400B5FDEE /* SettingAppSampleUITestsLaunchTests.swift */; };
/* End PBXBuildFile section */

/* Begin PBXContainerItemProxy section */
		AE131E2D29B340B400B5FDEE /* PBXContainerItemProxy */ = {
			isa = PBXContainerItemProxy;
			containerPortal = AE131E1429B340B300B5FDEE /* Project object */;
			proxyType = 1;
			remoteGlobalIDString = AE131E1B29B340B300B5FDEE;
			remoteInfo = SettingAppSample;
		};
		AE131E3729B340B400B5FDEE /* PBXContainerItemProxy */ = {
			isa = PBXContainerItemProxy;
			containerPortal = AE131E1429B340B300B5FDEE /* Project object */;
			proxyType = 1;
			remoteGlobalIDString = AE131E1B29B340B300B5FDEE;
			remoteInfo = SettingAppSample;
		};
/* End PBXContainerItemProxy section */

/* Begin PBXFileReference section */
		AE131E1C29B340B300B5FDEE /* SettingAppSample.app */ = {isa = PBXFileReference; explicitFileType = wrapper.application; includeInIndex = 0; path = SettingAppSample.app; sourceTree = BUILT_PRODUCTS_DIR; };
		AE131E1F29B340B300B5FDEE /* SettingAppSampleApp.swift */ = {isa = PBXFileReference; lastKnownFileType = sourcecode.swift; path = SettingAppSampleApp.swift; sourceTree = "<group>"; };
		AE131E2129B340B300B5FDEE /* ContentView.swift */ = {isa = PBXFileReference; lastKnownFileType = sourcecode.swift; path = ContentView.swift; sourceTree = "<group>"; };
		AE131E2329B340B400B5FDEE /* Assets.xcassets */ = {isa = PBXFileReference; lastKnownFileType = folder.assetcatalog; path = Assets.xcassets; sourceTree = "<group>"; };
		AE131E2629B340B400B5FDEE /* Preview Assets.xcassets */ = {isa = PBXFileReference; lastKnownFileType = folder.assetcatalog; path = "Preview Assets.xcassets"; sourceTree = "<group>"; };
		AE131E2C29B340B400B5FDEE /* SettingAppSampleTests.xctest */ = {isa = PBXFileReference; explicitFileType = wrapper.cfbundle; includeInIndex = 0; path = SettingAppSampleTests.xctest; sourceTree = BUILT_PRODUCTS_DIR; };
		AE131E3029B340B400B5FDEE /* SettingAppSampleTests.swift */ = {isa = PBXFileReference; lastKnownFileType = sourcecode.swift; path = SettingAppSampleTests.swift; sourceTree = "<group>"; };
		AE131E3629B340B400B5FDEE /* SettingAppSampleUITests.xctest */ = {isa = PBXFileReference; explicitFileType = wrapper.cfbundle; includeInIndex = 0; path = SettingAppSampleUITests.xctest; sourceTree = BUILT_PRODUCTS_DIR; };
		AE131E3A29B340B400B5FDEE /* SettingAppSampleUITests.swift */ = {isa = PBXFileReference; lastKnownFileType = sourcecode.swift; path = SettingAppSampleUITests.swift; sourceTree = "<group>"; };
		AE131E3C29B340B400B5FDEE /* SettingAppSampleUITestsLaunchTests.swift */ = {isa = PBXFileReference; lastKnownFileType = sourcecode.swift; path = SettingAppSampleUITestsLaunchTests.swift; sourceTree = "<group>"; };
/* End PBXFileReference section */

/* Begin PBXFrameworksBuildPhase section */
		AE131E1929B340B300B5FDEE /* Frameworks */ = {
			isa = PBXFrameworksBuildPhase;
			buildActionMask = 2147483647;
			files = (
			);
			runOnlyForDeploymentPostprocessing = 0;
		};
		AE131E2929B340B400B5FDEE /* Frameworks */ = {
			isa = PBXFrameworksBuildPhase;
			buildActionMask = 2147483647;
			files = (
			);
			runOnlyForDeploymentPostprocessing = 0;
		};
		AE131E3329B340B400B5FDEE /* Frameworks */ = {
			isa = PBXFrameworksBuildPhase;
			buildActionMask = 2147483647;
			files = (
			);
			runOnlyForDeploymentPostprocessing = 0;
		};
/* End PBXFrameworksBuildPhase section */

/* Begin PBXGroup section */
		AE131E1329B340B300B5FDEE = {
			isa = PBXGroup;
			children = (
				AE131E1E29B340B300B5FDEE /* SettingAppSample */,
				AE131E2F29B340B400B5FDEE /* SettingAppSampleTests */,
				AE131E3929B340B400B5FDEE /* SettingAppSampleUITests */,
				AE131E1D29B340B300B5FDEE /* Products */,
			);
			sourceTree = "<group>";
		};
		AE131E1D29B340B300B5FDEE /* Products */ = {
			isa = PBXGroup;
			children = (
				AE131E1C29B340B300B5FDEE /* SettingAppSample.app */,
				AE131E2C29B340B400B5FDEE /* SettingAppSampleTests.xctest */,
				AE131E3629B340B400B5FDEE /* SettingAppSampleUITests.xctest */,
			);
			name = Products;
			sourceTree = "<group>";
		};
		AE131E1E29B340B300B5FDEE /* SettingAppSample */ = {
			isa = PBXGroup;
			children = (
				AE131E1F29B340B300B5FDEE /* SettingAppSampleApp.swift */,
				AE131E2129B340B300B5FDEE /* ContentView.swift */,
				AE131E2329B340B400B5FDEE /* Assets.xcassets */,
				AE131E2529B340B400B5FDEE /* Preview Content */,
			);
			path = SettingAppSample;
			sourceTree = "<group>";
		};
		AE131E2529B340B400B5FDEE /* Preview Content */ = {
			isa = PBXGroup;
			children = (
				AE131E2629B340B400B5FDEE /* Preview Assets.xcassets */,
			);
			path = "Preview Content";
			sourceTree = "<group>";
		};
		AE131E2F29B340B400B5FDEE /* SettingAppSampleTests */ = {
			isa = PBXGroup;
			children = (
				AE131E3029B340B400B5FDEE /* SettingAppSampleTests.swift */,
			);
			path = SettingAppSampleTests;
			sourceTree = "<group>";
		};
		AE131E3929B340B400B5FDEE /* SettingAppSampleUITests */ = {
			isa = PBXGroup;
			children = (
				AE131E3A29B340B400B5FDEE /* SettingAppSampleUITests.swift */,
				AE131E3C29B340B400B5FDEE /* SettingAppSampleUITestsLaunchTests.swift */,
			);
			path = SettingAppSampleUITests;
			sourceTree = "<group>";
		};
/* End PBXGroup section */

/* Begin PBXNativeTarget section */
		AE131E1B29B340B300B5FDEE /* SettingAppSample */ = {
			isa = PBXNativeTarget;
			buildConfigurationList = AE131E4029B340B400B5FDEE /* Build configuration list for PBXNativeTarget "SettingAppSample" */;
			buildPhases = (
				AE131E1829B340B300B5FDEE /* Sources */,
				AE131E1929B340B300B5FDEE /* Frameworks */,
				AE131E1A29B340B300B5FDEE /* Resources */,
			);
			buildRules = (
			);
			dependencies = (
			);
			name = SettingAppSample;
			productName = SettingAppSample;
			productReference = AE131E1C29B340B300B5FDEE /* SettingAppSample.app */;
			productType = "com.apple.product-type.application";
		};
		AE131E2B29B340B400B5FDEE /* SettingAppSampleTests */ = {
			isa = PBXNativeTarget;
			buildConfigurationList = AE131E4329B340B400B5FDEE /* Build configuration list for PBXNativeTarget "SettingAppSampleTests" */;
			buildPhases = (
				AE131E2829B340B400B5FDEE /* Sources */,
				AE131E2929B340B400B5FDEE /* Frameworks */,
				AE131E2A29B340B400B5FDEE /* Resources */,
			);
			buildRules = (
			);
			dependencies = (
				AE131E2E29B340B400B5FDEE /* PBXTargetDependency */,
			);
			name = SettingAppSampleTests;
			productName = SettingAppSampleTests;
			productReference = AE131E2C29B340B400B5FDEE /* SettingAppSampleTests.xctest */;
			productType = "com.apple.product-type.bundle.unit-test";
		};
		AE131E3529B340B400B5FDEE /* SettingAppSampleUITests */ = {
			isa = PBXNativeTarget;
			buildConfigurationList = AE131E4629B340B400B5FDEE /* Build configuration list for PBXNativeTarget "SettingAppSampleUITests" */;
			buildPhases = (
				AE131E3229B340B400B5FDEE /* Sources */,
				AE131E3329B340B400B5FDEE /* Frameworks */,
				AE131E3429B340B400B5FDEE /* Resources */,
			);
			buildRules = (
			);
			dependencies = (
				AE131E3829B340B400B5FDEE /* PBXTargetDependency */,
			);
			name = SettingAppSampleUITests;
			productName = SettingAppSampleUITests;
			productReference = AE131E3629B340B400B5FDEE /* SettingAppSampleUITests.xctest */;
			productType = "com.apple.product-type.bundle.ui-testing";
		};
/* End PBXNativeTarget section */

/* Begin PBXProject section */
		AE131E1429B340B300B5FDEE /* Project object */ = {
			isa = PBXProject;
			attributes = {
				BuildIndependentTargetsInParallel = 1;
				LastSwiftUpdateCheck = 1420;
				LastUpgradeCheck = 1420;
				TargetAttributes = {
					AE131E1B29B340B300B5FDEE = {
						CreatedOnToolsVersion = 14.2;
					};
					AE131E2B29B340B400B5FDEE = {
						CreatedOnToolsVersion = 14.2;
						TestTargetID = AE131E1B29B340B300B5FDEE;
					};
					AE131E3529B340B400B5FDEE = {
						CreatedOnToolsVersion = 14.2;
						TestTargetID = AE131E1B29B340B300B5FDEE;
					};
				};
			};
			buildConfigurationList = AE131E1729B340B300B5FDEE /* Build configuration list for PBXProject "SettingAppSample" */;
			compatibilityVersion = "Xcode 14.0";
			developmentRegion = en;
			hasScannedForEncodings = 0;
			knownRegions = (
				en,
				Base,
			);
			mainGroup = AE131E1329B340B300B5FDEE;
			productRefGroup = AE131E1D29B340B300B5FDEE /* Products */;
			projectDirPath = "";
			projectRoot = "";
			targets = (
				AE131E1B29B340B300B5FDEE /* SettingAppSample */,
				AE131E2B29B340B400B5FDEE /* SettingAppSampleTests */,
				AE131E3529B340B400B5FDEE /* SettingAppSampleUITests */,
			);
		};
/* End PBXProject section */

/* Begin PBXResourcesBuildPhase section */
		AE131E1A29B340B300B5FDEE /* Resources */ = {
			isa = PBXResourcesBuildPhase;
			buildActionMask = 2147483647;
			files = (
				AE131E2729B340B400B5FDEE /* Preview Assets.xcassets in Resources */,
				AE131E2429B340B400B5FDEE /* Assets.xcassets in Resources */,
			);
			runOnlyForDeploymentPostprocessing = 0;
		};
		AE131E2A29B340B400B5FDEE /* Resources */ = {
			isa = PBXResourcesBuildPhase;
			buildActionMask = 2147483647;
			files = (
			);
			runOnlyForDeploymentPostprocessing = 0;
		};
		AE131E3429B340B400B5FDEE /* Resources */ = {
			isa = PBXResourcesBuildPhase;
			buildActionMask = 2147483647;
			files = (
			);
			runOnlyForDeploymentPostprocessing = 0;
		};
/* End PBXResourcesBuildPhase section */

/* Begin PBXSourcesBuildPhase section */
		AE131E1829B340B300B5FDEE /* Sources */ = {
			isa = PBXSourcesBuildPhase;
			buildActionMask = 2147483647;
			files = (
				AE131E2229B340B300B5FDEE /* ContentView.swift in Sources */,
				AE131E2029B340B300B5FDEE /* SettingAppSampleApp.swift in Sources */,
			);
			runOnlyForDeploymentPostprocessing = 0;
		};
		AE131E2829B340B400B5FDEE /* Sources */ = {
			isa = PBXSourcesBuildPhase;
			buildActionMask = 2147483647;
			files = (
				AE131E3129B340B400B5FDEE /* SettingAppSampleTests.swift in Sources */,
			);
			runOnlyForDeploymentPostprocessing = 0;
		};
		AE131E3229B340B400B5FDEE /* Sources */ = {
			isa = PBXSourcesBuildPhase;
			buildActionMask = 2147483647;
			files = (
				AE131E3B29B340B400B5FDEE /* SettingAppSampleUITests.swift in Sources */,
				AE131E3D29B340B400B5FDEE /* SettingAppSampleUITestsLaunchTests.swift in Sources */,
			);
			runOnlyForDeploymentPostprocessing = 0;
		};
/* End PBXSourcesBuildPhase section */

/* Begin PBXTargetDependency section */
		AE131E2E29B340B400B5FDEE /* PBXTargetDependency */ = {
			isa = PBXTargetDependency;
			target = AE131E1B29B340B300B5FDEE /* SettingAppSample */;
			targetProxy = AE131E2D29B340B400B5FDEE /* PBXContainerItemProxy */;
		};
		AE131E3829B340B400B5FDEE /* PBXTargetDependency */ = {
			isa = PBXTargetDependency;
			target = AE131E1B29B340B300B5FDEE /* SettingAppSample */;
			targetProxy = AE131E3729B340B400B5FDEE /* PBXContainerItemProxy */;
		};
/* End PBXTargetDependency section */

/* Begin XCBuildConfiguration section */
		AE131E3E29B340B400B5FDEE /* Debug */ = {
			isa = XCBuildConfiguration;
			buildSettings = {
				ALWAYS_SEARCH_USER_PATHS = NO;
				CLANG_ANALYZER_NONNULL = YES;
				CLANG_ANALYZER_NUMBER_OBJECT_CONVERSION = YES_AGGRESSIVE;
				CLANG_CXX_LANGUAGE_STANDARD = "gnu++20";
				CLANG_ENABLE_MODULES = YES;
				CLANG_ENABLE_OBJC_ARC = YES;
				CLANG_ENABLE_OBJC_WEAK = YES;
				CLANG_WARN_BLOCK_CAPTURE_AUTORELEASING = YES;
				CLANG_WARN_BOOL_CONVERSION = YES;
				CLANG_WARN_COMMA = YES;
				CLANG_WARN_CONSTANT_CONVERSION = YES;
				CLANG_WARN_DEPRECATED_OBJC_IMPLEMENTATIONS = YES;
				CLANG_WARN_DIRECT_OBJC_ISA_USAGE = YES_ERROR;
				CLANG_WARN_DOCUMENTATION_COMMENTS = YES;
				CLANG_WARN_EMPTY_BODY = YES;
				CLANG_WARN_ENUM_CONVERSION = YES;
				CLANG_WARN_INFINITE_RECURSION = YES;
				CLANG_WARN_INT_CONVERSION = YES;
				CLANG_WARN_NON_LITERAL_NULL_CONVERSION = YES;
				CLANG_WARN_OBJC_IMPLICIT_RETAIN_SELF = YES;
				CLANG_WARN_OBJC_LITERAL_CONVERSION = YES;
				CLANG_WARN_OBJC_ROOT_CLASS = YES_ERROR;
				CLANG_WARN_QUOTED_INCLUDE_IN_FRAMEWORK_HEADER = YES;
				CLANG_WARN_RANGE_LOOP_ANALYSIS = YES;
				CLANG_WARN_STRICT_PROTOTYPES = YES;
				CLANG_WARN_SUSPICIOUS_MOVE = YES;
				CLANG_WARN_UNGUARDED_AVAILABILITY = YES_AGGRESSIVE;
				CLANG_WARN_UNREACHABLE_CODE = YES;
				CLANG_WARN__DUPLICATE_METHOD_MATCH = YES;
				COPY_PHASE_STRIP = NO;
				DEBUG_INFORMATION_FORMAT = dwarf;
				ENABLE_STRICT_OBJC_MSGSEND = YES;
				ENABLE_TESTABILITY = YES;
				GCC_C_LANGUAGE_STANDARD = gnu11;
				GCC_DYNAMIC_NO_PIC = NO;
				GCC_NO_COMMON_BLOCKS = YES;
				GCC_OPTIMIZATION_LEVEL = 0;
				GCC_PREPROCESSOR_DEFINITIONS = (
					"DEBUG=1",
					"$(inherited)",
				);
				GCC_WARN_64_TO_32_BIT_CONVERSION = YES;
				GCC_WARN_ABOUT_RETURN_TYPE = YES_ERROR;
				GCC_WARN_UNDECLARED_SELECTOR = YES;
				GCC_WARN_UNINITIALIZED_AUTOS = YES_AGGRESSIVE;
				GCC_WARN_UNUSED_FUNCTION = YES;
				GCC_WARN_UNUSED_VARIABLE = YES;
				IPHONEOS_DEPLOYMENT_TARGET = 16.2;
				MTL_ENABLE_DEBUG_INFO = INCLUDE_SOURCE;
				MTL_FAST_MATH = YES;
				ONLY_ACTIVE_ARCH = YES;
				SDKROOT = iphoneos;
				SWIFT_ACTIVE_COMPILATION_CONDITIONS = DEBUG;
				SWIFT_OPTIMIZATION_LEVEL = "-Onone";
			};
			name = Debug;
		};
		AE131E3F29B340B400B5FDEE /* Release */ = {
			isa = XCBuildConfiguration;
			buildSettings = {
				ALWAYS_SEARCH_USER_PATHS = NO;
				CLANG_ANALYZER_NONNULL = YES;
				CLANG_ANALYZER_NUMBER_OBJECT_CONVERSION = YES_AGGRESSIVE;
				CLANG_CXX_LANGUAGE_STANDARD = "gnu++20";
				CLANG_ENABLE_MODULES = YES;
				CLANG_ENABLE_OBJC_ARC = YES;
				CLANG_ENABLE_OBJC_WEAK = YES;
				CLANG_WARN_BLOCK_CAPTURE_AUTORELEASING = YES;
				CLANG_WARN_BOOL_CONVERSION = YES;
				CLANG_WARN_COMMA = YES;
				CLANG_WARN_CONSTANT_CONVERSION = YES;
				CLANG_WARN_DEPRECATED_OBJC_IMPLEMENTATIONS = YES;
				CLANG_WARN_DIRECT_OBJC_ISA_USAGE = YES_ERROR;
				CLANG_WARN_DOCUMENTATION_COMMENTS = YES;
				CLANG_WARN_EMPTY_BODY = YES;
				CLANG_WARN_ENUM_CONVERSION = YES;
				CLANG_WARN_INFINITE_RECURSION = YES;
				CLANG_WARN_INT_CONVERSION = YES;
				CLANG_WARN_NON_LITERAL_NULL_CONVERSION = YES;
				CLANG_WARN_OBJC_IMPLICIT_RETAIN_SELF = YES;
				CLANG_WARN_OBJC_LITERAL_CONVERSION = YES;
				CLANG_WARN_OBJC_ROOT_CLASS = YES_ERROR;
				CLANG_WARN_QUOTED_INCLUDE_IN_FRAMEWORK_HEADER = YES;
				CLANG_WARN_RANGE_LOOP_ANALYSIS = YES;
				CLANG_WARN_STRICT_PROTOTYPES = YES;
				CLANG_WARN_SUSPICIOUS_MOVE = YES;
				CLANG_WARN_UNGUARDED_AVAILABILITY = YES_AGGRESSIVE;
				CLANG_WARN_UNREACHABLE_CODE = YES;
				CLANG_WARN__DUPLICATE_METHOD_MATCH = YES;
				COPY_PHASE_STRIP = NO;
				DEBUG_INFORMATION_FORMAT = "dwarf-with-dsym";
				ENABLE_NS_ASSERTIONS = NO;
				ENABLE_STRICT_OBJC_MSGSEND = YES;
				GCC_C_LANGUAGE_STANDARD = gnu11;
				GCC_NO_COMMON_BLOCKS = YES;
				GCC_WARN_64_TO_32_BIT_CONVERSION = YES;
				GCC_WARN_ABOUT_RETURN_TYPE = YES_ERROR;
				GCC_WARN_UNDECLARED_SELECTOR = YES;
				GCC_WARN_UNINITIALIZED_AUTOS = YES_AGGRESSIVE;
				GCC_WARN_UNUSED_FUNCTION = YES;
				GCC_WARN_UNUSED_VARIABLE = YES;
				IPHONEOS_DEPLOYMENT_TARGET = 16.2;
				MTL_ENABLE_DEBUG_INFO = NO;
				MTL_FAST_MATH = YES;
				SDKROOT = iphoneos;
				SWIFT_COMPILATION_MODE = wholemodule;
				SWIFT_OPTIMIZATION_LEVEL = "-O";
				VALIDATE_PRODUCT = YES;
			};
			name = Release;
		};
		AE131E4129B340B400B5FDEE /* Debug */ = {
			isa = XCBuildConfiguration;
			buildSettings = {
				ASSETCATALOG_COMPILER_APPICON_NAME = AppIcon;
				ASSETCATALOG_COMPILER_GLOBAL_ACCENT_COLOR_NAME = AccentColor;
				CODE_SIGN_STYLE = Automatic;
				CURRENT_PROJECT_VERSION = 1;
				DEVELOPMENT_ASSET_PATHS = "\"SettingAppSample/Preview Content\"";
				DEVELOPMENT_TEAM = 2D93FKS52V;
				ENABLE_PREVIEWS = YES;
				GENERATE_INFOPLIST_FILE = YES;
				INFOPLIST_KEY_UIApplicationSceneManifest_Generation = YES;
				INFOPLIST_KEY_UIApplicationSupportsIndirectInputEvents = YES;
				INFOPLIST_KEY_UILaunchScreen_Generation = YES;
				INFOPLIST_KEY_UISupportedInterfaceOrientations_iPad = "UIInterfaceOrientationPortrait UIInterfaceOrientationPortraitUpsideDown UIInterfaceOrientationLandscapeLeft UIInterfaceOrientationLandscapeRight";
				INFOPLIST_KEY_UISupportedInterfaceOrientations_iPhone = "UIInterfaceOrientationPortrait UIInterfaceOrientationLandscapeLeft UIInterfaceOrientationLandscapeRight";
				LD_RUNPATH_SEARCH_PATHS = (
					"$(inherited)",
					"@executable_path/Frameworks",
				);
				MARKETING_VERSION = 1.0;
				PRODUCT_BUNDLE_IDENTIFIER = leejay.SettingAppSample;
				PRODUCT_NAME = "$(TARGET_NAME)";
				SWIFT_EMIT_LOC_STRINGS = YES;
				SWIFT_VERSION = 5.0;
				TARGETED_DEVICE_FAMILY = "1,2";
			};
			name = Debug;
		};
		AE131E4229B340B400B5FDEE /* Release */ = {
			isa = XCBuildConfiguration;
			buildSettings = {
				ASSETCATALOG_COMPILER_APPICON_NAME = AppIcon;
				ASSETCATALOG_COMPILER_GLOBAL_ACCENT_COLOR_NAME = AccentColor;
				CODE_SIGN_STYLE = Automatic;
				CURRENT_PROJECT_VERSION = 1;
				DEVELOPMENT_ASSET_PATHS = "\"SettingAppSample/Preview Content\"";
				DEVELOPMENT_TEAM = 2D93FKS52V;
				ENABLE_PREVIEWS = YES;
				GENERATE_INFOPLIST_FILE = YES;
				INFOPLIST_KEY_UIApplicationSceneManifest_Generation = YES;
				INFOPLIST_KEY_UIApplicationSupportsIndirectInputEvents = YES;
				INFOPLIST_KEY_UILaunchScreen_Generation = YES;
				INFOPLIST_KEY_UISupportedInterfaceOrientations_iPad = "UIInterfaceOrientationPortrait UIInterfaceOrientationPortraitUpsideDown UIInterfaceOrientationLandscapeLeft UIInterfaceOrientationLandscapeRight";
				INFOPLIST_KEY_UISupportedInterfaceOrientations_iPhone = "UIInterfaceOrientationPortrait UIInterfaceOrientationLandscapeLeft UIInterfaceOrientationLandscapeRight";
				LD_RUNPATH_SEARCH_PATHS = (
					"$(inherited)",
					"@executable_path/Frameworks",
				);
				MARKETING_VERSION = 1.0;
				PRODUCT_BUNDLE_IDENTIFIER = leejay.SettingAppSample;
				PRODUCT_NAME = "$(TARGET_NAME)";
				SWIFT_EMIT_LOC_STRINGS = YES;
				SWIFT_VERSION = 5.0;
				TARGETED_DEVICE_FAMILY = "1,2";
			};
			name = Release;
		};
		AE131E4429B340B400B5FDEE /* Debug */ = {
			isa = XCBuildConfiguration;
			buildSettings = {
				ALWAYS_EMBED_SWIFT_STANDARD_LIBRARIES = YES;
				BUNDLE_LOADER = "$(TEST_HOST)";
				CODE_SIGN_STYLE = Automatic;
				CURRENT_PROJECT_VERSION = 1;
				DEVELOPMENT_TEAM = 2D93FKS52V;
				GENERATE_INFOPLIST_FILE = YES;
				IPHONEOS_DEPLOYMENT_TARGET = 16.2;
				MARKETING_VERSION = 1.0;
				PRODUCT_BUNDLE_IDENTIFIER = leejay.SettingAppSampleTests;
				PRODUCT_NAME = "$(TARGET_NAME)";
				SWIFT_EMIT_LOC_STRINGS = NO;
				SWIFT_VERSION = 5.0;
				TARGETED_DEVICE_FAMILY = "1,2";
				TEST_HOST = "$(BUILT_PRODUCTS_DIR)/SettingAppSample.app/$(BUNDLE_EXECUTABLE_FOLDER_PATH)/SettingAppSample";
			};
			name = Debug;
		};
		AE131E4529B340B400B5FDEE /* Release */ = {
			isa = XCBuildConfiguration;
			buildSettings = {
				ALWAYS_EMBED_SWIFT_STANDARD_LIBRARIES = YES;
				BUNDLE_LOADER = "$(TEST_HOST)";
				CODE_SIGN_STYLE = Automatic;
				CURRENT_PROJECT_VERSION = 1;
				DEVELOPMENT_TEAM = 2D93FKS52V;
				GENERATE_INFOPLIST_FILE = YES;
				IPHONEOS_DEPLOYMENT_TARGET = 16.2;
				MARKETING_VERSION = 1.0;
				PRODUCT_BUNDLE_IDENTIFIER = leejay.SettingAppSampleTests;
				PRODUCT_NAME = "$(TARGET_NAME)";
				SWIFT_EMIT_LOC_STRINGS = NO;
				SWIFT_VERSION = 5.0;
				TARGETED_DEVICE_FAMILY = "1,2";
				TEST_HOST = "$(BUILT_PRODUCTS_DIR)/SettingAppSample.app/$(BUNDLE_EXECUTABLE_FOLDER_PATH)/SettingAppSample";
			};
			name = Release;
		};
		AE131E4729B340B400B5FDEE /* Debug */ = {
			isa = XCBuildConfiguration;
			buildSettings = {
				ALWAYS_EMBED_SWIFT_STANDARD_LIBRARIES = YES;
				CODE_SIGN_STYLE = Automatic;
				CURRENT_PROJECT_VERSION = 1;
				DEVELOPMENT_TEAM = 2D93FKS52V;
				GENERATE_INFOPLIST_FILE = YES;
				MARKETING_VERSION = 1.0;
				PRODUCT_BUNDLE_IDENTIFIER = leejay.SettingAppSampleUITests;
				PRODUCT_NAME = "$(TARGET_NAME)";
				SWIFT_EMIT_LOC_STRINGS = NO;
				SWIFT_VERSION = 5.0;
				TARGETED_DEVICE_FAMILY = "1,2";
				TEST_TARGET_NAME = SettingAppSample;
			};
			name = Debug;
		};
		AE131E4829B340B400B5FDEE /* Release */ = {
			isa = XCBuildConfiguration;
			buildSettings = {
				ALWAYS_EMBED_SWIFT_STANDARD_LIBRARIES = YES;
				CODE_SIGN_STYLE = Automatic;
				CURRENT_PROJECT_VERSION = 1;
				DEVELOPMENT_TEAM = 2D93FKS52V;
				GENERATE_INFOPLIST_FILE = YES;
				MARKETING_VERSION = 1.0;
				PRODUCT_BUNDLE_IDENTIFIER = leejay.SettingAppSampleUITests;
				PRODUCT_NAME = "$(TARGET_NAME)";
				SWIFT_EMIT_LOC_STRINGS = NO;
				SWIFT_VERSION = 5.0;
				TARGETED_DEVICE_FAMILY = "1,2";
				TEST_TARGET_NAME = SettingAppSample;
			};
			name = Release;
		};
/* End XCBuildConfiguration section */

/* Begin XCConfigurationList section */
		AE131E1729B340B300B5FDEE /* Build configuration list for PBXProject "SettingAppSample" */ = {
			isa = XCConfigurationList;
			buildConfigurations = (
				AE131E3E29B340B400B5FDEE /* Debug */,
				AE131E3F29B340B400B5FDEE /* Release */,
			);
			defaultConfigurationIsVisible = 0;
			defaultConfigurationName = Release;
		};
		AE131E4029B340B400B5FDEE /* Build configuration list for PBXNativeTarget "SettingAppSample" */ = {
			isa = XCConfigurationList;
			buildConfigurations = (
				AE131E4129B340B400B5FDEE /* Debug */,
				AE131E4229B340B400B5FDEE /* Release */,
			);
			defaultConfigurationIsVisible = 0;
			defaultConfigurationName = Release;
		};
		AE131E4329B340B400B5FDEE /* Build configuration list for PBXNativeTarget "SettingAppSampleTests" */ = {
			isa = XCConfigurationList;
			buildConfigurations = (
				AE131E4429B340B400B5FDEE /* Debug */,
				AE131E4529B340B400B5FDEE /* Release */,
			);
			defaultConfigurationIsVisible = 0;
			defaultConfigurationName = Release;
		};
		AE131E4629B340B400B5FDEE /* Build configuration list for PBXNativeTarget "SettingAppSampleUITests" */ = {
			isa = XCConfigurationList;
			buildConfigurations = (
				AE131E4729B340B400B5FDEE /* Debug */,
				AE131E4829B340B400B5FDEE /* Release */,
			);
			defaultConfigurationIsVisible = 0;
			defaultConfigurationName = Release;
		};
/* End XCConfigurationList section */
	};
	rootObject = AE131E1429B340B300B5FDEE /* Project object */;
}
